{
  "name": "ProyectoFlotaAdmin",
  "version": "1.0.0",
  "lockfileVersion": 3,
  "requires": true,
  "description": "Sistema de gestión de flota de vehículos",
  "main": "src/index.js",
  "packages": {},
  "devDependencies": {
    "nodemon": "^3.0.1"
  },
  "scripts": {
    "dev": "nodemon src/index.js",
    "start": "node src/index.js"
  }
}
